
Microsoft Visual Studio Solution File, Format Version 12.00
# Visual Studio 15
VisualStudioVersion = 15.0.26124.0
MinimumVisualStudioVersion = 15.0.26124.0
Project("{FAE04EC0-301F-11D3-BF4B-00C04F79EFBC}") = "pattern-managed-queue", "pattern-managed-queue\pattern-managed-queue.csproj", "{D083E193-FD69-4049-8EC9-F07D1F2B4224}"
EndProject
Project("{FAE04EC0-301F-11D3-BF4B-00C04F79EFBC}") = "pattern-pull", "pattern-pull\pattern-pull.csproj", "{8FC4F236-FD07-4DAD-AAFF-3952FA52EE8F}"
EndProject
Project("{FAE04EC0-301F-11D3-BF4B-00C04F79EFBC}") = "pattern-pipes-and-filters", "pattern-pipes-and-filters\pattern-pipes-and-filters.csproj", "{D2268FC3-CC21-4CB1-ABD2-2E116760D8E8}"
EndProject
Project("{FAE04EC0-301F-11D3-BF4B-00C04F79EFBC}") = "pattern-pipes-and-filters.test", "pattern-pipes-and-filters.test\pattern-pipes-and-filters.test.csproj", "{2AF77EC3-9C64-4718-8F0B-E2CC39CC3ED8}"
EndProject
Project("{FAE04EC0-301F-11D3-BF4B-00C04F79EFBC}") = "pattern-message-router", "pattern-message-router\pattern-message-router.csproj", "{116695F7-A9B1-494F-A7A8-8EA962EA881F}"
EndProject
Global
	GlobalSection(SolutionConfigurationPlatforms) = preSolution
		Debug|Any CPU = Debug|Any CPU
		Debug|x64 = Debug|x64
		Debug|x86 = Debug|x86
		Release|Any CPU = Release|Any CPU
		Release|x64 = Release|x64
		Release|x86 = Release|x86
	EndGlobalSection
	GlobalSection(SolutionProperties) = preSolution
		HideSolutionNode = FALSE
	EndGlobalSection
	GlobalSection(ProjectConfigurationPlatforms) = postSolution
		{D083E193-FD69-4049-8EC9-F07D1F2B4224}.Debug|Any CPU.ActiveCfg = Debug|Any CPU
		{D083E193-FD69-4049-8EC9-F07D1F2B4224}.Debug|Any CPU.Build.0 = Debug|Any CPU
		{D083E193-FD69-4049-8EC9-F07D1F2B4224}.Debug|x64.ActiveCfg = Debug|Any CPU
		{D083E193-FD69-4049-8EC9-F07D1F2B4224}.Debug|x64.Build.0 = Debug|Any CPU
		{D083E193-FD69-4049-8EC9-F07D1F2B4224}.Debug|x86.ActiveCfg = Debug|Any CPU
		{D083E193-FD69-4049-8EC9-F07D1F2B4224}.Debug|x86.Build.0 = Debug|Any CPU
		{D083E193-FD69-4049-8EC9-F07D1F2B4224}.Release|Any CPU.ActiveCfg = Release|Any CPU
		{D083E193-FD69-4049-8EC9-F07D1F2B4224}.Release|Any CPU.Build.0 = Release|Any CPU
		{D083E193-FD69-4049-8EC9-F07D1F2B4224}.Release|x64.ActiveCfg = Release|Any CPU
		{D083E193-FD69-4049-8EC9-F07D1F2B4224}.Release|x64.Build.0 = Release|Any CPU
		{D083E193-FD69-4049-8EC9-F07D1F2B4224}.Release|x86.ActiveCfg = Release|Any CPU
		{D083E193-FD69-4049-8EC9-F07D1F2B4224}.Release|x86.Build.0 = Release|Any CPU
		{8FC4F236-FD07-4DAD-AAFF-3952FA52EE8F}.Debug|Any CPU.ActiveCfg = Debug|Any CPU
		{8FC4F236-FD07-4DAD-AAFF-3952FA52EE8F}.Debug|Any CPU.Build.0 = Debug|Any CPU
		{8FC4F236-FD07-4DAD-AAFF-3952FA52EE8F}.Debug|x64.ActiveCfg = Debug|Any CPU
		{8FC4F236-FD07-4DAD-AAFF-3952FA52EE8F}.Debug|x64.Build.0 = Debug|Any CPU
		{8FC4F236-FD07-4DAD-AAFF-3952FA52EE8F}.Debug|x86.ActiveCfg = Debug|Any CPU
		{8FC4F236-FD07-4DAD-AAFF-3952FA52EE8F}.Debug|x86.Build.0 = Debug|Any CPU
		{8FC4F236-FD07-4DAD-AAFF-3952FA52EE8F}.Release|Any CPU.ActiveCfg = Release|Any CPU
		{8FC4F236-FD07-4DAD-AAFF-3952FA52EE8F}.Release|Any CPU.Build.0 = Release|Any CPU
		{8FC4F236-FD07-4DAD-AAFF-3952FA52EE8F}.Release|x64.ActiveCfg = Release|Any CPU
		{8FC4F236-FD07-4DAD-AAFF-3952FA52EE8F}.Release|x64.Build.0 = Release|Any CPU
		{8FC4F236-FD07-4DAD-AAFF-3952FA52EE8F}.Release|x86.ActiveCfg = Release|Any CPU
		{8FC4F236-FD07-4DAD-AAFF-3952FA52EE8F}.Release|x86.Build.0 = Release|Any CPU
		{D2268FC3-CC21-4CB1-ABD2-2E116760D8E8}.Debug|Any CPU.ActiveCfg = Debug|Any CPU
		{D2268FC3-CC21-4CB1-ABD2-2E116760D8E8}.Debug|Any CPU.Build.0 = Debug|Any CPU
		{D2268FC3-CC21-4CB1-ABD2-2E116760D8E8}.Debug|x64.ActiveCfg = Debug|Any CPU
		{D2268FC3-CC21-4CB1-ABD2-2E116760D8E8}.Debug|x64.Build.0 = Debug|Any CPU
		{D2268FC3-CC21-4CB1-ABD2-2E116760D8E8}.Debug|x86.ActiveCfg = Debug|Any CPU
		{D2268FC3-CC21-4CB1-ABD2-2E116760D8E8}.Debug|x86.Build.0 = Debug|Any CPU
		{D2268FC3-CC21-4CB1-ABD2-2E116760D8E8}.Release|Any CPU.ActiveCfg = Release|Any CPU
		{D2268FC3-CC21-4CB1-ABD2-2E116760D8E8}.Release|Any CPU.Build.0 = Release|Any CPU
		{D2268FC3-CC21-4CB1-ABD2-2E116760D8E8}.Release|x64.ActiveCfg = Release|Any CPU
		{D2268FC3-CC21-4CB1-ABD2-2E116760D8E8}.Release|x64.Build.0 = Release|Any CPU
		{D2268FC3-CC21-4CB1-ABD2-2E116760D8E8}.Release|x86.ActiveCfg = Release|Any CPU
		{D2268FC3-CC21-4CB1-ABD2-2E116760D8E8}.Release|x86.Build.0 = Release|Any CPU
		{2AF77EC3-9C64-4718-8F0B-E2CC39CC3ED8}.Debug|Any CPU.ActiveCfg = Debug|Any CPU
		{2AF77EC3-9C64-4718-8F0B-E2CC39CC3ED8}.Debug|Any CPU.Build.0 = Debug|Any CPU
		{2AF77EC3-9C64-4718-8F0B-E2CC39CC3ED8}.Debug|x64.ActiveCfg = Debug|Any CPU
		{2AF77EC3-9C64-4718-8F0B-E2CC39CC3ED8}.Debug|x64.Build.0 = Debug|Any CPU
		{2AF77EC3-9C64-4718-8F0B-E2CC39CC3ED8}.Debug|x86.ActiveCfg = Debug|Any CPU
		{2AF77EC3-9C64-4718-8F0B-E2CC39CC3ED8}.Debug|x86.Build.0 = Debug|Any CPU
		{2AF77EC3-9C64-4718-8F0B-E2CC39CC3ED8}.Release|Any CPU.ActiveCfg = Release|Any CPU
		{2AF77EC3-9C64-4718-8F0B-E2CC39CC3ED8}.Release|Any CPU.Build.0 = Release|Any CPU
		{2AF77EC3-9C64-4718-8F0B-E2CC39CC3ED8}.Release|x64.ActiveCfg = Release|Any CPU
		{2AF77EC3-9C64-4718-8F0B-E2CC39CC3ED8}.Release|x64.Build.0 = Release|Any CPU
		{2AF77EC3-9C64-4718-8F0B-E2CC39CC3ED8}.Release|x86.ActiveCfg = Release|Any CPU
		{2AF77EC3-9C64-4718-8F0B-E2CC39CC3ED8}.Release|x86.Build.0 = Release|Any CPU
		{116695F7-A9B1-494F-A7A8-8EA962EA881F}.Debug|Any CPU.ActiveCfg = Debug|Any CPU
		{116695F7-A9B1-494F-A7A8-8EA962EA881F}.Debug|Any CPU.Build.0 = Debug|Any CPU
		{116695F7-A9B1-494F-A7A8-8EA962EA881F}.Debug|x64.ActiveCfg = Debug|Any CPU
		{116695F7-A9B1-494F-A7A8-8EA962EA881F}.Debug|x64.Build.0 = Debug|Any CPU
		{116695F7-A9B1-494F-A7A8-8EA962EA881F}.Debug|x86.ActiveCfg = Debug|Any CPU
		{116695F7-A9B1-494F-A7A8-8EA962EA881F}.Debug|x86.Build.0 = Debug|Any CPU
		{116695F7-A9B1-494F-A7A8-8EA962EA881F}.Release|Any CPU.ActiveCfg = Release|Any CPU
		{116695F7-A9B1-494F-A7A8-8EA962EA881F}.Release|Any CPU.Build.0 = Release|Any CPU
		{116695F7-A9B1-494F-A7A8-8EA962EA881F}.Release|x64.ActiveCfg = Release|Any CPU
		{116695F7-A9B1-494F-A7A8-8EA962EA881F}.Release|x64.Build.0 = Release|Any CPU
		{116695F7-A9B1-494F-A7A8-8EA962EA881F}.Release|x86.ActiveCfg = Release|Any CPU
		{116695F7-A9B1-494F-A7A8-8EA962EA881F}.Release|x86.Build.0 = Release|Any CPU
	EndGlobalSection
EndGlobal
